// !$*UTF8*$!
{
	archiveVersion = 1;
	classes = {
	};
	objectVersion = 55;
	objects = {

/* Begin PBXBuildFile section */
		BA1FBB1E5D294F2CD0F42D54 /* Pods_bother.framework in Frameworks */ = {isa = PBXBuildFile; fileRef = E36C5B525F90288A9F3747A4 /* Pods_bother.framework */; };
		C40290CE2888871100E3621F /* Localizable.json in Resources */ = {isa = PBXBuildFile; fileRef = C40290D02888871100E3621F /* Localizable.json */; };
		C45A667928A4566400D2C2A0 /* HowItWorkViewController.swift in Sources */ = {isa = PBXBuildFile; fileRef = C45A667828A4566400D2C2A0 /* HowItWorkViewController.swift */; };
		C45CD59F2884B0B900760438 /* SignInPageCell1.swift in Sources */ = {isa = PBXBuildFile; fileRef = C45CD58C2884B0B500760438 /* SignInPageCell1.swift */; };
		C45CD5A02884B0B900760438 /* MySubclassedTabBarController.swift in Sources */ = {isa = PBXBuildFile; fileRef = C45CD58D2884B0B500760438 /* MySubclassedTabBarController.swift */; };
		C45CD5A12884B0B900760438 /* GlobalVariables.swift in Sources */ = {isa = PBXBuildFile; fileRef = C45CD58E2884B0B500760438 /* GlobalVariables.swift */; };
		C45CD5A22884B0B900760438 /* SMButtonBackground.swift in Sources */ = {isa = PBXBuildFile; fileRef = C45CD58F2884B0B600760438 /* SMButtonBackground.swift */; };
		C45CD5A32884B0B900760438 /* DailyLimitAchievedTableViewCell.swift in Sources */ = {isa = PBXBuildFile; fileRef = C45CD5902884B0B600760438 /* DailyLimitAchievedTableViewCell.swift */; };
		C45CD5A42884B0B900760438 /* BotherUser.swift in Sources */ = {isa = PBXBuildFile; fileRef = C45CD5912884B0B600760438 /* BotherUser.swift */; };
		C45CD5A52884B0B900760438 /* CategoryViewController.swift in Sources */ = {isa = PBXBuildFile; fileRef = C45CD5922884B0B600760438 /* CategoryViewController.swift */; };
		C45CD5A62884B0B900760438 /* CategoryTableViewCell.swift in Sources */ = {isa = PBXBuildFile; fileRef = C45CD5932884B0B600760438 /* CategoryTableViewCell.swift */; };
		C45CD5A72884B0B900760438 /* GlobalFunctions.swift in Sources */ = {isa = PBXBuildFile; fileRef = C45CD5942884B0B700760438 /* GlobalFunctions.swift */; };
		C45CD5A82884B0B900760438 /* ButtonBackground.swift in Sources */ = {isa = PBXBuildFile; fileRef = C45CD5952884B0B700760438 /* ButtonBackground.swift */; };
		C45CD5A92884B0B900760438 /* SelectedCategoryViewController.swift in Sources */ = {isa = PBXBuildFile; fileRef = C45CD5962884B0B700760438 /* SelectedCategoryViewController.swift */; };
		C45CD5AA2884B0B900760438 /* SignInViewController.swift in Sources */ = {isa = PBXBuildFile; fileRef = C45CD5972884B0B700760438 /* SignInViewController.swift */; };
		C45CD5AC2884B0B900760438 /* MorePageViewController.swift in Sources */ = {isa = PBXBuildFile; fileRef = C45CD5992884B0B800760438 /* MorePageViewController.swift */; };
		C45CD5AD2884B0B900760438 /* SignUpViewController.swift in Sources */ = {isa = PBXBuildFile; fileRef = C45CD59A2884B0B800760438 /* SignUpViewController.swift */; };
		C45CD5AE2884B0B900760438 /* WriteOwnStoryViewController.swift in Sources */ = {isa = PBXBuildFile; fileRef = C45CD59B2884B0B800760438 /* WriteOwnStoryViewController.swift */; };
		C45CD5AF2884B0B900760438 /* ExampleCodes.swift in Sources */ = {isa = PBXBuildFile; fileRef = C45CD59C2884B0B800760438 /* ExampleCodes.swift */; };
		C45CD5B02884B0B900760438 /* SelectedCategoryTableViewCell.swift in Sources */ = {isa = PBXBuildFile; fileRef = C45CD59D2884B0B900760438 /* SelectedCategoryTableViewCell.swift */; };
		C45CD5B12884B0B900760438 /* SignUpPageCell1.swift in Sources */ = {isa = PBXBuildFile; fileRef = C45CD59E2884B0B900760438 /* SignUpPageCell1.swift */; };
		C46B5C172889EAED00E19EF9 /* Bother.swift in Sources */ = {isa = PBXBuildFile; fileRef = C46B5C162889EAED00E19EF9 /* Bother.swift */; };
		C475F24828A5A11100C8480C /* coffee.json in Resources */ = {isa = PBXBuildFile; fileRef = C475F24728A5A11100C8480C /* coffee.json */; };
		C475F25028A5A93700C8480C /* thinking.json in Resources */ = {isa = PBXBuildFile; fileRef = C475F24B28A5A93600C8480C /* thinking.json */; };
		C475F25828A5ADCE00C8480C /* PageControlBackground.swift in Sources */ = {isa = PBXBuildFile; fileRef = C475F25728A5ADCE00C8480C /* PageControlBackground.swift */; };
		C475F25D28A6F30A00C8480C /* time.json in Resources */ = {isa = PBXBuildFile; fileRef = C475F25C28A6F30A00C8480C /* time.json */; };
		C475F25F28A6F4A600C8480C /* problem.json in Resources */ = {isa = PBXBuildFile; fileRef = C475F25E28A6F4A600C8480C /* problem.json */; };
		C475F26128A6F60E00C8480C /* solved.json in Resources */ = {isa = PBXBuildFile; fileRef = C475F26028A6F60E00C8480C /* solved.json */; };
		C475F26428A7BE9600C8480C /* TermsOfUsageViewController.swift in Sources */ = {isa = PBXBuildFile; fileRef = C475F26328A7BE9600C8480C /* TermsOfUsageViewController.swift */; };
		C4AE9E472884AF3C0001F933 /* GoogleService-Info.plist in Resources */ = {isa = PBXBuildFile; fileRef = C4AE9E462884AF3C0001F933 /* GoogleService-Info.plist */; };
		C4CD0B852884AD7000F4667F /* AppDelegate.swift in Sources */ = {isa = PBXBuildFile; fileRef = C4CD0B842884AD7000F4667F /* AppDelegate.swift */; };
		C4CD0B872884AD7000F4667F /* SceneDelegate.swift in Sources */ = {isa = PBXBuildFile; fileRef = C4CD0B862884AD7000F4667F /* SceneDelegate.swift */; };
		C4CD0B892884AD7000F4667F /* ViewController.swift in Sources */ = {isa = PBXBuildFile; fileRef = C4CD0B882884AD7000F4667F /* ViewController.swift */; };
		C4CD0B8C2884AD7000F4667F /* Main.storyboard in Resources */ = {isa = PBXBuildFile; fileRef = C4CD0B8A2884AD7000F4667F /* Main.storyboard */; };
		C4CD0B8E2884AD7100F4667F /* Assets.xcassets in Resources */ = {isa = PBXBuildFile; fileRef = C4CD0B8D2884AD7100F4667F /* Assets.xcassets */; };
		C4CD0B912884AD7100F4667F /* LaunchScreen.storyboard in Resources */ = {isa = PBXBuildFile; fileRef = C4CD0B8F2884AD7100F4667F /* LaunchScreen.storyboard */; };
		C4D767C22888AE7300E9E4BF /* BuyMeCoffeeViewController.swift in Sources */ = {isa = PBXBuildFile; fileRef = C4D767C12888AE7300E9E4BF /* BuyMeCoffeeViewController.swift */; };
		C4DF5E02288734B800E50813 /* ViewBackgroundFWriteStory.swift in Sources */ = {isa = PBXBuildFile; fileRef = C4DF5E01288734B800E50813 /* ViewBackgroundFWriteStory.swift */; };
		C4DF5E04288739DD00E50813 /* WriteYourOwnStoryCell.swift in Sources */ = {isa = PBXBuildFile; fileRef = C4DF5E03288739DD00E50813 /* WriteYourOwnStoryCell.swift */; };
		C4DF5E0628876BEA00E50813 /* SelectLanguageViewController.swift in Sources */ = {isa = PBXBuildFile; fileRef = C4DF5E0528876BEA00E50813 /* SelectLanguageViewController.swift */; };
		C4E722F82899C6EC004F6A3D /* HelpViewController.swift in Sources */ = {isa = PBXBuildFile; fileRef = C4E722F72899C6EC004F6A3D /* HelpViewController.swift */; };
/* End PBXBuildFile section */

/* Begin PBXFileReference section */
		32375DDEE9A2A38F77094328 /* Pods-bother.debug.xcconfig */ = {isa = PBXFileReference; includeInIndex = 1; lastKnownFileType = text.xcconfig; name = "Pods-bother.debug.xcconfig"; path = "Target Support Files/Pods-bother/Pods-bother.debug.xcconfig"; sourceTree = "<group>"; };
		C40290CF2888871100E3621F /* Base */ = {isa = PBXFileReference; lastKnownFileType = text.json; name = Base; path = Base.lproj/Localizable.json; sourceTree = "<group>"; };
		C40290D12888871A00E3621F /* en */ = {isa = PBXFileReference; lastKnownFileType = text.json; name = en; path = en.lproj/Localizable.json; sourceTree = "<group>"; };
		C40290D22888871D00E3621F /* tr */ = {isa = PBXFileReference; lastKnownFileType = text.json; name = tr; path = tr.lproj/Localizable.json; sourceTree = "<group>"; };
		C45A667828A4566400D2C2A0 /* HowItWorkViewController.swift */ = {isa = PBXFileReference; lastKnownFileType = sourcecode.swift; path = HowItWorkViewController.swift; sourceTree = "<group>"; };
		C45CD58C2884B0B500760438 /* SignInPageCell1.swift */ = {isa = PBXFileReference; fileEncoding = 4; lastKnownFileType = sourcecode.swift; path = SignInPageCell1.swift; sourceTree = "<group>"; };
		C45CD58D2884B0B500760438 /* MySubclassedTabBarController.swift */ = {isa = PBXFileReference; fileEncoding = 4; lastKnownFileType = sourcecode.swift; path = MySubclassedTabBarController.swift; sourceTree = "<group>"; };
		C45CD58E2884B0B500760438 /* GlobalVariables.swift */ = {isa = PBXFileReference; fileEncoding = 4; lastKnownFileType = sourcecode.swift; path = GlobalVariables.swift; sourceTree = "<group>"; };
		C45CD58F2884B0B600760438 /* SMButtonBackground.swift */ = {isa = PBXFileReference; fileEncoding = 4; lastKnownFileType = sourcecode.swift; path = SMButtonBackground.swift; sourceTree = "<group>"; };
		C45CD5902884B0B600760438 /* DailyLimitAchievedTableViewCell.swift */ = {isa = PBXFileReference; fileEncoding = 4; lastKnownFileType = sourcecode.swift; path = DailyLimitAchievedTableViewCell.swift; sourceTree = "<group>"; };
		C45CD5912884B0B600760438 /* BotherUser.swift */ = {isa = PBXFileReference; fileEncoding = 4; lastKnownFileType = sourcecode.swift; path = BotherUser.swift; sourceTree = "<group>"; };
		C45CD5922884B0B600760438 /* CategoryViewController.swift */ = {isa = PBXFileReference; fileEncoding = 4; lastKnownFileType = sourcecode.swift; path = CategoryViewController.swift; sourceTree = "<group>"; };
		C45CD5932884B0B600760438 /* CategoryTableViewCell.swift */ = {isa = PBXFileReference; fileEncoding = 4; lastKnownFileType = sourcecode.swift; path = CategoryTableViewCell.swift; sourceTree = "<group>"; };
		C45CD5942884B0B700760438 /* GlobalFunctions.swift */ = {isa = PBXFileReference; fileEncoding = 4; lastKnownFileType = sourcecode.swift; path = GlobalFunctions.swift; sourceTree = "<group>"; };
		C45CD5952884B0B700760438 /* ButtonBackground.swift */ = {isa = PBXFileReference; fileEncoding = 4; lastKnownFileType = sourcecode.swift; path = ButtonBackground.swift; sourceTree = "<group>"; };
		C45CD5962884B0B700760438 /* SelectedCategoryViewController.swift */ = {isa = PBXFileReference; fileEncoding = 4; lastKnownFileType = sourcecode.swift; path = SelectedCategoryViewController.swift; sourceTree = "<group>"; };
		C45CD5972884B0B700760438 /* SignInViewController.swift */ = {isa = PBXFileReference; fileEncoding = 4; lastKnownFileType = sourcecode.swift; path = SignInViewController.swift; sourceTree = "<group>"; };
		C45CD5992884B0B800760438 /* MorePageViewController.swift */ = {isa = PBXFileReference; fileEncoding = 4; lastKnownFileType = sourcecode.swift; path = MorePageViewController.swift; sourceTree = "<group>"; };
		C45CD59A2884B0B800760438 /* SignUpViewController.swift */ = {isa = PBXFileReference; fileEncoding = 4; lastKnownFileType = sourcecode.swift; path = SignUpViewController.swift; sourceTree = "<group>"; };
		C45CD59B2884B0B800760438 /* WriteOwnStoryViewController.swift */ = {isa = PBXFileReference; fileEncoding = 4; lastKnownFileType = sourcecode.swift; path = WriteOwnStoryViewController.swift; sourceTree = "<group>"; };
		C45CD59C2884B0B800760438 /* ExampleCodes.swift */ = {isa = PBXFileReference; fileEncoding = 4; lastKnownFileType = sourcecode.swift; path = ExampleCodes.swift; sourceTree = "<group>"; };
		C45CD59D2884B0B900760438 /* SelectedCategoryTableViewCell.swift */ = {isa = PBXFileReference; fileEncoding = 4; lastKnownFileType = sourcecode.swift; path = SelectedCategoryTableViewCell.swift; sourceTree = "<group>"; };
		C45CD59E2884B0B900760438 /* SignUpPageCell1.swift */ = {isa = PBXFileReference; fileEncoding = 4; lastKnownFileType = sourcecode.swift; path = SignUpPageCell1.swift; sourceTree = "<group>"; };
		C46B5C162889EAED00E19EF9 /* Bother.swift */ = {isa = PBXFileReference; lastKnownFileType = sourcecode.swift; path = Bother.swift; sourceTree = "<group>"; };
		C475F24728A5A11100C8480C /* coffee.json */ = {isa = PBXFileReference; fileEncoding = 4; lastKnownFileType = text.json; path = coffee.json; sourceTree = "<group>"; };
		C475F24B28A5A93600C8480C /* thinking.json */ = {isa = PBXFileReference; fileEncoding = 4; lastKnownFileType = text.json; path = thinking.json; sourceTree = "<group>"; };
		C475F25728A5ADCE00C8480C /* PageControlBackground.swift */ = {isa = PBXFileReference; lastKnownFileType = sourcecode.swift; path = PageControlBackground.swift; sourceTree = "<group>"; };
		C475F25C28A6F30A00C8480C /* time.json */ = {isa = PBXFileReference; fileEncoding = 4; lastKnownFileType = text.json; path = time.json; sourceTree = "<group>"; };
		C475F25E28A6F4A600C8480C /* problem.json */ = {isa = PBXFileReference; fileEncoding = 4; lastKnownFileType = text.json; path = problem.json; sourceTree = "<group>"; };
		C475F26028A6F60E00C8480C /* solved.json */ = {isa = PBXFileReference; fileEncoding = 4; lastKnownFileType = text.json; path = solved.json; sourceTree = "<group>"; };
		C475F26328A7BE9600C8480C /* TermsOfUsageViewController.swift */ = {isa = PBXFileReference; lastKnownFileType = sourcecode.swift; path = TermsOfUsageViewController.swift; sourceTree = "<group>"; };
		C4A79C1A288775D3002F6B59 /* tr */ = {isa = PBXFileReference; lastKnownFileType = text.plist.strings; name = tr; path = tr.lproj/Main.strings; sourceTree = "<group>"; };
		C4A79C1B288775D3002F6B59 /* tr */ = {isa = PBXFileReference; lastKnownFileType = text.plist.strings; name = tr; path = tr.lproj/LaunchScreen.strings; sourceTree = "<group>"; };
		C4AE9E462884AF3C0001F933 /* GoogleService-Info.plist */ = {isa = PBXFileReference; fileEncoding = 4; lastKnownFileType = text.plist.xml; path = "GoogleService-Info.plist"; sourceTree = "<group>"; };
		C4CD0B812884AD7000F4667F /* bother.app */ = {isa = PBXFileReference; explicitFileType = wrapper.application; includeInIndex = 0; path = bother.app; sourceTree = BUILT_PRODUCTS_DIR; };
		C4CD0B842884AD7000F4667F /* AppDelegate.swift */ = {isa = PBXFileReference; lastKnownFileType = sourcecode.swift; path = AppDelegate.swift; sourceTree = "<group>"; };
		C4CD0B862884AD7000F4667F /* SceneDelegate.swift */ = {isa = PBXFileReference; lastKnownFileType = sourcecode.swift; path = SceneDelegate.swift; sourceTree = "<group>"; };
		C4CD0B882884AD7000F4667F /* ViewController.swift */ = {isa = PBXFileReference; lastKnownFileType = sourcecode.swift; path = ViewController.swift; sourceTree = "<group>"; };
		C4CD0B8B2884AD7000F4667F /* Base */ = {isa = PBXFileReference; lastKnownFileType = file.storyboard; name = Base; path = Base.lproj/Main.storyboard; sourceTree = "<group>"; };
		C4CD0B8D2884AD7100F4667F /* Assets.xcassets */ = {isa = PBXFileReference; lastKnownFileType = folder.assetcatalog; path = Assets.xcassets; sourceTree = "<group>"; };
		C4CD0B902884AD7100F4667F /* Base */ = {isa = PBXFileReference; lastKnownFileType = file.storyboard; name = Base; path = Base.lproj/LaunchScreen.storyboard; sourceTree = "<group>"; };
		C4CD0B922884AD7100F4667F /* Info.plist */ = {isa = PBXFileReference; lastKnownFileType = text.plist.xml; path = Info.plist; sourceTree = "<group>"; };
		C4D767C12888AE7300E9E4BF /* BuyMeCoffeeViewController.swift */ = {isa = PBXFileReference; lastKnownFileType = sourcecode.swift; path = BuyMeCoffeeViewController.swift; sourceTree = "<group>"; };
		C4DF5E01288734B800E50813 /* ViewBackgroundFWriteStory.swift */ = {isa = PBXFileReference; lastKnownFileType = sourcecode.swift; path = ViewBackgroundFWriteStory.swift; sourceTree = "<group>"; };
		C4DF5E03288739DD00E50813 /* WriteYourOwnStoryCell.swift */ = {isa = PBXFileReference; lastKnownFileType = sourcecode.swift; path = WriteYourOwnStoryCell.swift; sourceTree = "<group>"; };
		C4DF5E0528876BEA00E50813 /* SelectLanguageViewController.swift */ = {isa = PBXFileReference; lastKnownFileType = sourcecode.swift; path = SelectLanguageViewController.swift; sourceTree = "<group>"; };
		C4E722F72899C6EC004F6A3D /* HelpViewController.swift */ = {isa = PBXFileReference; lastKnownFileType = sourcecode.swift; path = HelpViewController.swift; sourceTree = "<group>"; };
		DB1CF4A7707CF083F885D16F /* Pods-bother.release.xcconfig */ = {isa = PBXFileReference; includeInIndex = 1; lastKnownFileType = text.xcconfig; name = "Pods-bother.release.xcconfig"; path = "Target Support Files/Pods-bother/Pods-bother.release.xcconfig"; sourceTree = "<group>"; };
		E36C5B525F90288A9F3747A4 /* Pods_bother.framework */ = {isa = PBXFileReference; explicitFileType = wrapper.framework; includeInIndex = 0; path = Pods_bother.framework; sourceTree = BUILT_PRODUCTS_DIR; };
/* End PBXFileReference section */

/* Begin PBXFrameworksBuildPhase section */
		C4CD0B7E2884AD7000F4667F /* Frameworks */ = {
			isa = PBXFrameworksBuildPhase;
			buildActionMask = 2147483647;
			files = (
				BA1FBB1E5D294F2CD0F42D54 /* Pods_bother.framework in Frameworks */,
			);
			runOnlyForDeploymentPostprocessing = 0;
		};
/* End PBXFrameworksBuildPhase section */

/* Begin PBXGroup section */
		32993A5E4C8A247AF53F0824 /* Pods */ = {
			isa = PBXGroup;
			children = (
				32375DDEE9A2A38F77094328 /* Pods-bother.debug.xcconfig */,
				DB1CF4A7707CF083F885D16F /* Pods-bother.release.xcconfig */,
			);
			path = Pods;
			sourceTree = "<group>";
		};
		3BDE79D088647E5BBA0651E0 /* Frameworks */ = {
			isa = PBXGroup;
			children = (
				E36C5B525F90288A9F3747A4 /* Pods_bother.framework */,
			);
			name = Frameworks;
			sourceTree = "<group>";
		};
		C40290D328888E2C00E3621F /* Models */ = {
			isa = PBXGroup;
			children = (
				C45CD5912884B0B600760438 /* BotherUser.swift */,
				C46B5C162889EAED00E19EF9 /* Bother.swift */,
			);
			path = Models;
			sourceTree = "<group>";
		};
		C40290D428888E4100E3621F /* CustomizeUI */ = {
			isa = PBXGroup;
			children = (
				C45CD5952884B0B700760438 /* ButtonBackground.swift */,
				C45CD58F2884B0B600760438 /* SMButtonBackground.swift */,
				C4DF5E01288734B800E50813 /* ViewBackgroundFWriteStory.swift */,
				C475F25728A5ADCE00C8480C /* PageControlBackground.swift */,
			);
			path = CustomizeUI;
			sourceTree = "<group>";
		};
		C40290D528888E4E00E3621F /* CategoryPage */ = {
			isa = PBXGroup;
			children = (
				C45CD5932884B0B600760438 /* CategoryTableViewCell.swift */,
				C45CD5922884B0B600760438 /* CategoryViewController.swift */,
			);
			path = CategoryPage;
			sourceTree = "<group>";
		};
		C40290D628888E6300E3621F /* SelectedCategoryPage */ = {
			isa = PBXGroup;
			children = (
				C45CD5902884B0B600760438 /* DailyLimitAchievedTableViewCell.swift */,
				C45CD59D2884B0B900760438 /* SelectedCategoryTableViewCell.swift */,
				C45CD5962884B0B700760438 /* SelectedCategoryViewController.swift */,
			);
			path = SelectedCategoryPage;
			sourceTree = "<group>";
		};
		C40290D728888E7200E3621F /* Globals */ = {
			isa = PBXGroup;
			children = (
				C45CD5942884B0B700760438 /* GlobalFunctions.swift */,
				C45CD58E2884B0B500760438 /* GlobalVariables.swift */,
			);
			path = Globals;
			sourceTree = "<group>";
		};
		C40290D828888E7A00E3621F /* MorePage */ = {
			isa = PBXGroup;
			children = (
				C475F26228A7BE7E00C8480C /* TermsOfUsagePage */,
				C45A667728A4563900D2C2A0 /* HowItWork */,
				C45CD5992884B0B800760438 /* MorePageViewController.swift */,
			);
			path = MorePage;
			sourceTree = "<group>";
		};
		C40290D928888E8C00E3621F /* SignInPage */ = {
			isa = PBXGroup;
			children = (
				C45CD58C2884B0B500760438 /* SignInPageCell1.swift */,
				C45CD5972884B0B700760438 /* SignInViewController.swift */,
			);
			path = SignInPage;
			sourceTree = "<group>";
		};
		C40290DA28888E9600E3621F /* SignUpPage */ = {
			isa = PBXGroup;
			children = (
				C45CD59E2884B0B900760438 /* SignUpPageCell1.swift */,
				C45CD59A2884B0B800760438 /* SignUpViewController.swift */,
			);
			name = SignUpPage;
			sourceTree = "<group>";
		};
		C40290DB28888EA900E3621F /* WriteYourOwnStoryPage */ = {
			isa = PBXGroup;
			children = (
				C45CD59B2884B0B800760438 /* WriteOwnStoryViewController.swift */,
				C4DF5E03288739DD00E50813 /* WriteYourOwnStoryCell.swift */,
			);
			path = WriteYourOwnStoryPage;
			sourceTree = "<group>";
		};
		C40290DC28888EBA00E3621F /* LanguagePage */ = {
			isa = PBXGroup;
			children = (
				C4DF5E0528876BEA00E50813 /* SelectLanguageViewController.swift */,
			);
			path = LanguagePage;
			sourceTree = "<group>";
		};
		C45A667728A4563900D2C2A0 /* HowItWork */ = {
			isa = PBXGroup;
			children = (
				C45A667828A4566400D2C2A0 /* HowItWorkViewController.swift */,
			);
			name = HowItWork;
			path = ..;
			sourceTree = "<group>";
		};
		C475F26228A7BE7E00C8480C /* TermsOfUsagePage */ = {
			isa = PBXGroup;
			children = (
				C475F26328A7BE9600C8480C /* TermsOfUsageViewController.swift */,
			);
			path = TermsOfUsagePage;
			sourceTree = "<group>";
		};
		C4CD0B782884AD7000F4667F = {
			isa = PBXGroup;
			children = (
				C4CD0B832884AD7000F4667F /* bother */,
				C4CD0B822884AD7000F4667F /* Products */,
				32993A5E4C8A247AF53F0824 /* Pods */,
				3BDE79D088647E5BBA0651E0 /* Frameworks */,
			);
			sourceTree = "<group>";
		};
		C4CD0B822884AD7000F4667F /* Products */ = {
			isa = PBXGroup;
			children = (
				C4CD0B812884AD7000F4667F /* bother.app */,
			);
			name = Products;
			sourceTree = "<group>";
		};
		C4CD0B832884AD7000F4667F /* bother */ = {
			isa = PBXGroup;
			children = (
				C475F24728A5A11100C8480C /* coffee.json */,
				C475F25E28A6F4A600C8480C /* problem.json */,
				C475F25C28A6F30A00C8480C /* time.json */,
				C475F24B28A5A93600C8480C /* thinking.json */,
				C475F26028A6F60E00C8480C /* solved.json */,
				C4DF5E0728876E4A00E50813 /* Localizable */,
				C4CD0B842884AD7000F4667F /* AppDelegate.swift */,
				C4CD0B862884AD7000F4667F /* SceneDelegate.swift */,
				C4CD0B882884AD7000F4667F /* ViewController.swift */,
				C4CD0B8A2884AD7000F4667F /* Main.storyboard */,
				C4CD0B8D2884AD7100F4667F /* Assets.xcassets */,
				C4CD0B8F2884AD7100F4667F /* LaunchScreen.storyboard */,
				C4CD0B922884AD7100F4667F /* Info.plist */,
				C4AE9E462884AF3C0001F933 /* GoogleService-Info.plist */,
				C40290D728888E7200E3621F /* Globals */,
				C40290D428888E4100E3621F /* CustomizeUI */,
				C40290D528888E4E00E3621F /* CategoryPage */,
				C40290D628888E6300E3621F /* SelectedCategoryPage */,
				C45CD59C2884B0B800760438 /* ExampleCodes.swift */,
				C40290D828888E7A00E3621F /* MorePage */,
				C45CD58D2884B0B500760438 /* MySubclassedTabBarController.swift */,
				C40290D928888E8C00E3621F /* SignInPage */,
				C4E722F62899C6D0004F6A3D /* HelpPage */,
				C40290DA28888E9600E3621F /* SignUpPage */,
				C40290DB28888EA900E3621F /* WriteYourOwnStoryPage */,
				C40290DC28888EBA00E3621F /* LanguagePage */,
				C40290D328888E2C00E3621F /* Models */,
				C4D767C32888AE7B00E9E4BF /* BuyMeCoffeePage */,
			);
			path = bother;
			sourceTree = "<group>";
		};
		C4D767C32888AE7B00E9E4BF /* BuyMeCoffeePage */ = {
			isa = PBXGroup;
			children = (
				C4D767C12888AE7300E9E4BF /* BuyMeCoffeeViewController.swift */,
			);
			path = BuyMeCoffeePage;
			sourceTree = "<group>";
		};
		C4DF5E0728876E4A00E50813 /* Localizable */ = {
			isa = PBXGroup;
			children = (
				C40290D02888871100E3621F /* Localizable.json */,
			);
			path = Localizable;
			sourceTree = "<group>";
		};
		C4E722F62899C6D0004F6A3D /* HelpPage */ = {
			isa = PBXGroup;
			children = (
				C4E722F72899C6EC004F6A3D /* HelpViewController.swift */,
			);
			path = HelpPage;
			sourceTree = "<group>";
		};
/* End PBXGroup section */

/* Begin PBXNativeTarget section */
		C4CD0B802884AD7000F4667F /* bother */ = {
			isa = PBXNativeTarget;
			buildConfigurationList = C4CD0B952884AD7100F4667F /* Build configuration list for PBXNativeTarget "bother" */;
			buildPhases = (
				DD9C097A2792B9770AB5BC9B /* [CP] Check Pods Manifest.lock */,
				C4CD0B7D2884AD7000F4667F /* Sources */,
				C4CD0B7E2884AD7000F4667F /* Frameworks */,
				C4CD0B7F2884AD7000F4667F /* Resources */,
				24781144531CB08319396B8F /* [CP] Embed Pods Frameworks */,
			);
			buildRules = (
			);
			dependencies = (
			);
			name = bother;
			productName = bother;
			productReference = C4CD0B812884AD7000F4667F /* bother.app */;
			productType = "com.apple.product-type.application";
		};
/* End PBXNativeTarget section */

/* Begin PBXProject section */
		C4CD0B792884AD7000F4667F /* Project object */ = {
			isa = PBXProject;
			attributes = {
				BuildIndependentTargetsInParallel = 1;
				LastSwiftUpdateCheck = 1330;
				LastUpgradeCheck = 1330;
				TargetAttributes = {
					C4CD0B802884AD7000F4667F = {
						CreatedOnToolsVersion = 13.3;
					};
				};
			};
			buildConfigurationList = C4CD0B7C2884AD7000F4667F /* Build configuration list for PBXProject "bother" */;
			compatibilityVersion = "Xcode 13.0";
			developmentRegion = en;
			hasScannedForEncodings = 0;
			knownRegions = (
				en,
				Base,
				tr,
			);
			mainGroup = C4CD0B782884AD7000F4667F;
			productRefGroup = C4CD0B822884AD7000F4667F /* Products */;
			projectDirPath = "";
			projectRoot = "";
			targets = (
				C4CD0B802884AD7000F4667F /* bother */,
			);
		};
/* End PBXProject section */

/* Begin PBXResourcesBuildPhase section */
		C4CD0B7F2884AD7000F4667F /* Resources */ = {
			isa = PBXResourcesBuildPhase;
			buildActionMask = 2147483647;
			files = (
				C4CD0B912884AD7100F4667F /* LaunchScreen.storyboard in Resources */,
				C475F25028A5A93700C8480C /* thinking.json in Resources */,
				C475F26128A6F60E00C8480C /* solved.json in Resources */,
				C475F25D28A6F30A00C8480C /* time.json in Resources */,
				C475F25F28A6F4A600C8480C /* problem.json in Resources */,
				C40290CE2888871100E3621F /* Localizable.json in Resources */,
				C4AE9E472884AF3C0001F933 /* GoogleService-Info.plist in Resources */,
				C475F24828A5A11100C8480C /* coffee.json in Resources */,
				C4CD0B8E2884AD7100F4667F /* Assets.xcassets in Resources */,
				C4CD0B8C2884AD7000F4667F /* Main.storyboard in Resources */,
			);
			runOnlyForDeploymentPostprocessing = 0;
		};
/* End PBXResourcesBuildPhase section */

/* Begin PBXShellScriptBuildPhase section */
		24781144531CB08319396B8F /* [CP] Embed Pods Frameworks */ = {
			isa = PBXShellScriptBuildPhase;
			buildActionMask = 2147483647;
			files = (
			);
			inputFileListPaths = (
				"${PODS_ROOT}/Target Support Files/Pods-bother/Pods-bother-frameworks-${CONFIGURATION}-input-files.xcfilelist",
			);
			name = "[CP] Embed Pods Frameworks";
			outputFileListPaths = (
				"${PODS_ROOT}/Target Support Files/Pods-bother/Pods-bother-frameworks-${CONFIGURATION}-output-files.xcfilelist",
			);
			runOnlyForDeploymentPostprocessing = 0;
			shellPath = /bin/sh;
			shellScript = "\"${PODS_ROOT}/Target Support Files/Pods-bother/Pods-bother-frameworks.sh\"\n";
			showEnvVarsInLog = 0;
		};
		DD9C097A2792B9770AB5BC9B /* [CP] Check Pods Manifest.lock */ = {
			isa = PBXShellScriptBuildPhase;
			buildActionMask = 2147483647;
			files = (
			);
			inputFileListPaths = (
			);
			inputPaths = (
				"${PODS_PODFILE_DIR_PATH}/Podfile.lock",
				"${PODS_ROOT}/Manifest.lock",
			);
			name = "[CP] Check Pods Manifest.lock";
			outputFileListPaths = (
			);
			outputPaths = (
				"$(DERIVED_FILE_DIR)/Pods-bother-checkManifestLockResult.txt",
			);
			runOnlyForDeploymentPostprocessing = 0;
			shellPath = /bin/sh;
			shellScript = "diff \"${PODS_PODFILE_DIR_PATH}/Podfile.lock\" \"${PODS_ROOT}/Manifest.lock\" > /dev/null\nif [ $? != 0 ] ; then\n    # print error to STDERR\n    echo \"error: The sandbox is not in sync with the Podfile.lock. Run 'pod install' or update your CocoaPods installation.\" >&2\n    exit 1\nfi\n# This output is used by Xcode 'outputs' to avoid re-running this script phase.\necho \"SUCCESS\" > \"${SCRIPT_OUTPUT_FILE_0}\"\n";
			showEnvVarsInLog = 0;
		};
/* End PBXShellScriptBuildPhase section */

/* Begin PBXSourcesBuildPhase section */
		C4CD0B7D2884AD7000F4667F /* Sources */ = {
			isa = PBXSourcesBuildPhase;
			buildActionMask = 2147483647;
			files = (
				C4DF5E0628876BEA00E50813 /* SelectLanguageViewController.swift in Sources */,
				C46B5C172889EAED00E19EF9 /* Bother.swift in Sources */,
				C475F26428A7BE9600C8480C /* TermsOfUsageViewController.swift in Sources */,
				C45CD5A52884B0B900760438 /* CategoryViewController.swift in Sources */,
				C4DF5E02288734B800E50813 /* ViewBackgroundFWriteStory.swift in Sources */,
				C45CD5AE2884B0B900760438 /* WriteOwnStoryViewController.swift in Sources */,
				C45CD5B12884B0B900760438 /* SignUpPageCell1.swift in Sources */,
				C45CD5A12884B0B900760438 /* GlobalVariables.swift in Sources */,
				C45CD5A72884B0B900760438 /* GlobalFunctions.swift in Sources */,
				C4D767C22888AE7300E9E4BF /* BuyMeCoffeeViewController.swift in Sources */,
				C4CD0B892884AD7000F4667F /* ViewController.swift in Sources */,
				C45CD5A02884B0B900760438 /* MySubclassedTabBarController.swift in Sources */,
				C45CD5B02884B0B900760438 /* SelectedCategoryTableViewCell.swift in Sources */,
				C4CD0B852884AD7000F4667F /* AppDelegate.swift in Sources */,
				C4E722F82899C6EC004F6A3D /* HelpViewController.swift in Sources */,
				C45CD5AD2884B0B900760438 /* SignUpViewController.swift in Sources */,
				C45CD59F2884B0B900760438 /* SignInPageCell1.swift in Sources */,
				C45CD5A92884B0B900760438 /* SelectedCategoryViewController.swift in Sources */,
				C45CD5AF2884B0B900760438 /* ExampleCodes.swift in Sources */,
				C45CD5AA2884B0B900760438 /* SignInViewController.swift in Sources */,
				C45CD5A62884B0B900760438 /* CategoryTableViewCell.swift in Sources */,
				C4DF5E04288739DD00E50813 /* WriteYourOwnStoryCell.swift in Sources */,
				C45A667928A4566400D2C2A0 /* HowItWorkViewController.swift in Sources */,
				C45CD5A82884B0B900760438 /* ButtonBackground.swift in Sources */,
				C45CD5A42884B0B900760438 /* BotherUser.swift in Sources */,
				C475F25828A5ADCE00C8480C /* PageControlBackground.swift in Sources */,
				C45CD5AC2884B0B900760438 /* MorePageViewController.swift in Sources */,
				C4CD0B872884AD7000F4667F /* SceneDelegate.swift in Sources */,
				C45CD5A32884B0B900760438 /* DailyLimitAchievedTableViewCell.swift in Sources */,
				C45CD5A22884B0B900760438 /* SMButtonBackground.swift in Sources */,
			);
			runOnlyForDeploymentPostprocessing = 0;
		};
/* End PBXSourcesBuildPhase section */

/* Begin PBXVariantGroup section */
		C40290D02888871100E3621F /* Localizable.json */ = {
			isa = PBXVariantGroup;
			children = (
				C40290CF2888871100E3621F /* Base */,
				C40290D12888871A00E3621F /* en */,
				C40290D22888871D00E3621F /* tr */,
			);
			name = Localizable.json;
			sourceTree = "<group>";
		};
		C4CD0B8A2884AD7000F4667F /* Main.storyboard */ = {
			isa = PBXVariantGroup;
			children = (
				C4CD0B8B2884AD7000F4667F /* Base */,
				C4A79C1A288775D3002F6B59 /* tr */,
			);
			name = Main.storyboard;
			sourceTree = "<group>";
		};
		C4CD0B8F2884AD7100F4667F /* LaunchScreen.storyboard */ = {
			isa = PBXVariantGroup;
			children = (
				C4CD0B902884AD7100F4667F /* Base */,
				C4A79C1B288775D3002F6B59 /* tr */,
			);
			name = LaunchScreen.storyboard;
			sourceTree = "<group>";
		};
/* End PBXVariantGroup section */

/* Begin XCBuildConfiguration section */
		C4CD0B932884AD7100F4667F /* Debug */ = {
			isa = XCBuildConfiguration;
			buildSettings = {
				ALWAYS_SEARCH_USER_PATHS = NO;
				CLANG_ANALYZER_LOCALIZABILITY_NONLOCALIZED = YES;
				CLANG_ANALYZER_NONNULL = YES;
				CLANG_ANALYZER_NUMBER_OBJECT_CONVERSION = YES_AGGRESSIVE;
				CLANG_CXX_LANGUAGE_STANDARD = "gnu++17";
				CLANG_ENABLE_MODULES = YES;
				CLANG_ENABLE_OBJC_ARC = YES;
				CLANG_ENABLE_OBJC_WEAK = YES;
				CLANG_WARN_BLOCK_CAPTURE_AUTORELEASING = YES;
				CLANG_WARN_BOOL_CONVERSION = YES;
				CLANG_WARN_COMMA = YES;
				CLANG_WARN_CONSTANT_CONVERSION = YES;
				CLANG_WARN_DEPRECATED_OBJC_IMPLEMENTATIONS = YES;
				CLANG_WARN_DIRECT_OBJC_ISA_USAGE = YES_ERROR;
				CLANG_WARN_DOCUMENTATION_COMMENTS = YES;
				CLANG_WARN_EMPTY_BODY = YES;
				CLANG_WARN_ENUM_CONVERSION = YES;
				CLANG_WARN_INFINITE_RECURSION = YES;
				CLANG_WARN_INT_CONVERSION = YES;
				CLANG_WARN_NON_LITERAL_NULL_CONVERSION = YES;
				CLANG_WARN_OBJC_IMPLICIT_RETAIN_SELF = YES;
				CLANG_WARN_OBJC_LITERAL_CONVERSION = YES;
				CLANG_WARN_OBJC_ROOT_CLASS = YES_ERROR;
				CLANG_WARN_QUOTED_INCLUDE_IN_FRAMEWORK_HEADER = YES;
				CLANG_WARN_RANGE_LOOP_ANALYSIS = YES;
				CLANG_WARN_STRICT_PROTOTYPES = YES;
				CLANG_WARN_SUSPICIOUS_MOVE = YES;
				CLANG_WARN_UNGUARDED_AVAILABILITY = YES_AGGRESSIVE;
				CLANG_WARN_UNREACHABLE_CODE = YES;
				CLANG_WARN__DUPLICATE_METHOD_MATCH = YES;
				COPY_PHASE_STRIP = NO;
				DEBUG_INFORMATION_FORMAT = dwarf;
				ENABLE_STRICT_OBJC_MSGSEND = YES;
				ENABLE_TESTABILITY = YES;
				GCC_C_LANGUAGE_STANDARD = gnu11;
				GCC_DYNAMIC_NO_PIC = NO;
				GCC_NO_COMMON_BLOCKS = YES;
				GCC_OPTIMIZATION_LEVEL = 0;
				GCC_PREPROCESSOR_DEFINITIONS = (
					"DEBUG=1",
					"$(inherited)",
				);
				GCC_WARN_64_TO_32_BIT_CONVERSION = YES;
				GCC_WARN_ABOUT_RETURN_TYPE = YES_ERROR;
				GCC_WARN_UNDECLARED_SELECTOR = YES;
				GCC_WARN_UNINITIALIZED_AUTOS = YES_AGGRESSIVE;
				GCC_WARN_UNUSED_FUNCTION = YES;
				GCC_WARN_UNUSED_VARIABLE = YES;
				IPHONEOS_DEPLOYMENT_TARGET = 15.4;
				MTL_ENABLE_DEBUG_INFO = INCLUDE_SOURCE;
				MTL_FAST_MATH = YES;
				ONLY_ACTIVE_ARCH = YES;
				SDKROOT = iphoneos;
				SWIFT_ACTIVE_COMPILATION_CONDITIONS = DEBUG;
				SWIFT_OPTIMIZATION_LEVEL = "-Onone";
			};
			name = Debug;
		};
		C4CD0B942884AD7100F4667F /* Release */ = {
			isa = XCBuildConfiguration;
			buildSettings = {
				ALWAYS_SEARCH_USER_PATHS = NO;
				CLANG_ANALYZER_LOCALIZABILITY_NONLOCALIZED = YES;
				CLANG_ANALYZER_NONNULL = YES;
				CLANG_ANALYZER_NUMBER_OBJECT_CONVERSION = YES_AGGRESSIVE;
				CLANG_CXX_LANGUAGE_STANDARD = "gnu++17";
				CLANG_ENABLE_MODULES = YES;
				CLANG_ENABLE_OBJC_ARC = YES;
				CLANG_ENABLE_OBJC_WEAK = YES;
				CLANG_WARN_BLOCK_CAPTURE_AUTORELEASING = YES;
				CLANG_WARN_BOOL_CONVERSION = YES;
				CLANG_WARN_COMMA = YES;
				CLANG_WARN_CONSTANT_CONVERSION = YES;
				CLANG_WARN_DEPRECATED_OBJC_IMPLEMENTATIONS = YES;
				CLANG_WARN_DIRECT_OBJC_ISA_USAGE = YES_ERROR;
				CLANG_WARN_DOCUMENTATION_COMMENTS = YES;
				CLANG_WARN_EMPTY_BODY = YES;
				CLANG_WARN_ENUM_CONVERSION = YES;
				CLANG_WARN_INFINITE_RECURSION = YES;
				CLANG_WARN_INT_CONVERSION = YES;
				CLANG_WARN_NON_LITERAL_NULL_CONVERSION = YES;
				CLANG_WARN_OBJC_IMPLICIT_RETAIN_SELF = YES;
				CLANG_WARN_OBJC_LITERAL_CONVERSION = YES;
				CLANG_WARN_OBJC_ROOT_CLASS = YES_ERROR;
				CLANG_WARN_QUOTED_INCLUDE_IN_FRAMEWORK_HEADER = YES;
				CLANG_WARN_RANGE_LOOP_ANALYSIS = YES;
				CLANG_WARN_STRICT_PROTOTYPES = YES;
				CLANG_WARN_SUSPICIOUS_MOVE = YES;
				CLANG_WARN_UNGUARDED_AVAILABILITY = YES_AGGRESSIVE;
				CLANG_WARN_UNREACHABLE_CODE = YES;
				CLANG_WARN__DUPLICATE_METHOD_MATCH = YES;
				COPY_PHASE_STRIP = NO;
				DEBUG_INFORMATION_FORMAT = "dwarf-with-dsym";
				ENABLE_NS_ASSERTIONS = NO;
				ENABLE_STRICT_OBJC_MSGSEND = YES;
				GCC_C_LANGUAGE_STANDARD = gnu11;
				GCC_NO_COMMON_BLOCKS = YES;
				GCC_WARN_64_TO_32_BIT_CONVERSION = YES;
				GCC_WARN_ABOUT_RETURN_TYPE = YES_ERROR;
				GCC_WARN_UNDECLARED_SELECTOR = YES;
				GCC_WARN_UNINITIALIZED_AUTOS = YES_AGGRESSIVE;
				GCC_WARN_UNUSED_FUNCTION = YES;
				GCC_WARN_UNUSED_VARIABLE = YES;
				IPHONEOS_DEPLOYMENT_TARGET = 15.4;
				MTL_ENABLE_DEBUG_INFO = NO;
				MTL_FAST_MATH = YES;
				SDKROOT = iphoneos;
				SWIFT_COMPILATION_MODE = wholemodule;
				SWIFT_OPTIMIZATION_LEVEL = "-O";
				VALIDATE_PRODUCT = YES;
			};
			name = Release;
		};
		C4CD0B962884AD7100F4667F /* Debug */ = {
			isa = XCBuildConfiguration;
			baseConfigurationReference = 32375DDEE9A2A38F77094328 /* Pods-bother.debug.xcconfig */;
			buildSettings = {
				ASSETCATALOG_COMPILER_APPICON_NAME = AppIcon;
				ASSETCATALOG_COMPILER_GLOBAL_ACCENT_COLOR_NAME = AccentColor;
				CODE_SIGN_STYLE = Automatic;
				CURRENT_PROJECT_VERSION = 1;
				DEVELOPMENT_TEAM = K2SHUTFTKU;
				GENERATE_INFOPLIST_FILE = YES;
				INFOPLIST_FILE = bother/Info.plist;
				INFOPLIST_KEY_UIApplicationSupportsIndirectInputEvents = YES;
				INFOPLIST_KEY_UILaunchStoryboardName = LaunchScreen;
				INFOPLIST_KEY_UIMainStoryboardFile = Main;
				INFOPLIST_KEY_UISupportedInterfaceOrientations = UIInterfaceOrientationPortrait;
				INFOPLIST_KEY_UISupportedInterfaceOrientations_iPad = "UIInterfaceOrientationPortrait UIInterfaceOrientationPortraitUpsideDown UIInterfaceOrientationLandscapeLeft UIInterfaceOrientationLandscapeRight";
				INFOPLIST_KEY_UISupportedInterfaceOrientations_iPhone = "UIInterfaceOrientationPortrait UIInterfaceOrientationLandscapeLeft UIInterfaceOrientationLandscapeRight";
				LD_RUNPATH_SEARCH_PATHS = (
					"$(inherited)",
					"@executable_path/Frameworks",
				);
				MARKETING_VERSION = 1.0;
				PRODUCT_BUNDLE_IDENTIFIER = com.braveapplicationsteam.bother;
				PRODUCT_NAME = "$(TARGET_NAME)";
				SWIFT_EMIT_LOC_STRINGS = YES;
				SWIFT_VERSION = 5.0;
				TARGETED_DEVICE_FAMILY = 1;
			};
			name = Debug;
		};
		C4CD0B972884AD7100F4667F /* Release */ = {
			isa = XCBuildConfiguration;
			baseConfigurationReference = DB1CF4A7707CF083F885D16F /* Pods-bother.release.xcconfig */;
			buildSettings = {
				ASSETCATALOG_COMPILER_APPICON_NAME = AppIcon;
				ASSETCATALOG_COMPILER_GLOBAL_ACCENT_COLOR_NAME = AccentColor;
				CODE_SIGN_STYLE = Automatic;
				CURRENT_PROJECT_VERSION = 1;
				DEVELOPMENT_TEAM = K2SHUTFTKU;
				GENERATE_INFOPLIST_FILE = YES;
				INFOPLIST_FILE = bother/Info.plist;
				INFOPLIST_KEY_UIApplicationSupportsIndirectInputEvents = YES;
				INFOPLIST_KEY_UILaunchStoryboardName = LaunchScreen;
				INFOPLIST_KEY_UIMainStoryboardFile = Main;
				INFOPLIST_KEY_UISupportedInterfaceOrientations = UIInterfaceOrientationPortrait;
				INFOPLIST_KEY_UISupportedInterfaceOrientations_iPad = "UIInterfaceOrientationPortrait UIInterfaceOrientationPortraitUpsideDown UIInterfaceOrientationLandscapeLeft UIInterfaceOrientationLandscapeRight";
				INFOPLIST_KEY_UISupportedInterfaceOrientations_iPhone = "UIInterfaceOrientationPortrait UIInterfaceOrientationLandscapeLeft UIInterfaceOrientationLandscapeRight";
				LD_RUNPATH_SEARCH_PATHS = (
					"$(inherited)",
					"@executable_path/Frameworks",
				);
				MARKETING_VERSION = 1.0;
				PRODUCT_BUNDLE_IDENTIFIER = com.braveapplicationsteam.bother;
				PRODUCT_NAME = "$(TARGET_NAME)";
				SWIFT_EMIT_LOC_STRINGS = YES;
				SWIFT_VERSION = 5.0;
				TARGETED_DEVICE_FAMILY = 1;
			};
			name = Release;
		};
/* End XCBuildConfiguration section */

/* Begin XCConfigurationList section */
		C4CD0B7C2884AD7000F4667F /* Build configuration list for PBXProject "bother" */ = {
			isa = XCConfigurationList;
			buildConfigurations = (
				C4CD0B932884AD7100F4667F /* Debug */,
				C4CD0B942884AD7100F4667F /* Release */,
			);
			defaultConfigurationIsVisible = 0;
			defaultConfigurationName = Release;
		};
		C4CD0B952884AD7100F4667F /* Build configuration list for PBXNativeTarget "bother" */ = {
			isa = XCConfigurationList;
			buildConfigurations = (
				C4CD0B962884AD7100F4667F /* Debug */,
				C4CD0B972884AD7100F4667F /* Release */,
			);
			defaultConfigurationIsVisible = 0;
			defaultConfigurationName = Release;
		};
/* End XCConfigurationList section */
	};
	rootObject = C4CD0B792884AD7000F4667F /* Project object */;
}
